// !$*UTF8*$!
{
	archiveVersion = 1;
	classes = {
	};
	objectVersion = 50;
	objects = {

/* Begin PBXBuildFile section */
		EF365CC0289C4AD300A4AFAF /* AppDelegate.swift in Sources */ = {isa = PBXBuildFile; fileRef = EF365CBF289C4AD300A4AFAF /* AppDelegate.swift */; };
		EF365CC2289C4AD300A4AFAF /* SceneDelegate.swift in Sources */ = {isa = PBXBuildFile; fileRef = EF365CC1289C4AD300A4AFAF /* SceneDelegate.swift */; };
		EF365CC4289C4AD300A4AFAF /* ViewController.swift in Sources */ = {isa = PBXBuildFile; fileRef = EF365CC3289C4AD300A4AFAF /* ViewController.swift */; };
		EF365CC7289C4AD400A4AFAF /* Main.storyboard in Resources */ = {isa = PBXBuildFile; fileRef = EF365CC5289C4AD400A4AFAF /* Main.storyboard */; };
		EF365CCA289C4AD400A4AFAF /* Shades2.xcdatamodeld in Sources */ = {isa = PBXBuildFile; fileRef = EF365CC8289C4AD400A4AFAF /* Shades2.xcdatamodeld */; };
		EF365CCC289C4ADA00A4AFAF /* Assets.xcassets in Resources */ = {isa = PBXBuildFile; fileRef = EF365CCB289C4ADA00A4AFAF /* Assets.xcassets */; };
		EF365CCF289C4ADA00A4AFAF /* LaunchScreen.storyboard in Resources */ = {isa = PBXBuildFile; fileRef = EF365CCD289C4ADA00A4AFAF /* LaunchScreen.storyboard */; };
		EF365CDA289C4ADB00A4AFAF /* Shades2Tests.swift in Sources */ = {isa = PBXBuildFile; fileRef = EF365CD9289C4ADB00A4AFAF /* Shades2Tests.swift */; };
		EF365CE5289C4ADC00A4AFAF /* Shades2UITests.swift in Sources */ = {isa = PBXBuildFile; fileRef = EF365CE4289C4ADC00A4AFAF /* Shades2UITests.swift */; };
/* End PBXBuildFile section */

/* Begin PBXContainerItemProxy section */
		EF365CD6289C4ADB00A4AFAF /* PBXContainerItemProxy */ = {
			isa = PBXContainerItemProxy;
			containerPortal = EF365CB4289C4AD200A4AFAF /* Project object */;
			proxyType = 1;
			remoteGlobalIDString = EF365CBB289C4AD300A4AFAF;
			remoteInfo = Shades2;
		};
		EF365CE1289C4ADC00A4AFAF /* PBXContainerItemProxy */ = {
			isa = PBXContainerItemProxy;
			containerPortal = EF365CB4289C4AD200A4AFAF /* Project object */;
			proxyType = 1;
			remoteGlobalIDString = EF365CBB289C4AD300A4AFAF;
			remoteInfo = Shades2;
		};
/* End PBXContainerItemProxy section */

/* Begin PBXFileReference section */
		EF365CBC289C4AD300A4AFAF /* Shades2.app */ = {isa = PBXFileReference; explicitFileType = wrapper.application; includeInIndex = 0; path = Shades2.app; sourceTree = BUILT_PRODUCTS_DIR; };
		EF365CBF289C4AD300A4AFAF /* AppDelegate.swift */ = {isa = PBXFileReference; lastKnownFileType = sourcecode.swift; path = AppDelegate.swift; sourceTree = "<group>"; };
		EF365CC1289C4AD300A4AFAF /* SceneDelegate.swift */ = {isa = PBXFileReference; lastKnownFileType = sourcecode.swift; path = SceneDelegate.swift; sourceTree = "<group>"; };
		EF365CC3289C4AD300A4AFAF /* ViewController.swift */ = {isa = PBXFileReference; lastKnownFileType = sourcecode.swift; path = ViewController.swift; sourceTree = "<group>"; };
		EF365CC6289C4AD400A4AFAF /* Base */ = {isa = PBXFileReference; lastKnownFileType = file.storyboard; name = Base; path = Base.lproj/Main.storyboard; sourceTree = "<group>"; };
		EF365CC9289C4AD400A4AFAF /* Shades2.xcdatamodel */ = {isa = PBXFileReference; lastKnownFileType = wrapper.xcdatamodel; path = Shades2.xcdatamodel; sourceTree = "<group>"; };
		EF365CCB289C4ADA00A4AFAF /* Assets.xcassets */ = {isa = PBXFileReference; lastKnownFileType = folder.assetcatalog; path = Assets.xcassets; sourceTree = "<group>"; };
		EF365CCE289C4ADA00A4AFAF /* Base */ = {isa = PBXFileReference; lastKnownFileType = file.storyboard; name = Base; path = Base.lproj/LaunchScreen.storyboard; sourceTree = "<group>"; };
		EF365CD0289C4ADA00A4AFAF /* Info.plist */ = {isa = PBXFileReference; lastKnownFileType = text.plist.xml; path = Info.plist; sourceTree = "<group>"; };
		EF365CD5289C4ADB00A4AFAF /* Shades2Tests.xctest */ = {isa = PBXFileReference; explicitFileType = wrapper.cfbundle; includeInIndex = 0; path = Shades2Tests.xctest; sourceTree = BUILT_PRODUCTS_DIR; };
		EF365CD9289C4ADB00A4AFAF /* Shades2Tests.swift */ = {isa = PBXFileReference; lastKnownFileType = sourcecode.swift; path = Shades2Tests.swift; sourceTree = "<group>"; };
		EF365CDB289C4ADB00A4AFAF /* Info.plist */ = {isa = PBXFileReference; lastKnownFileType = text.plist.xml; path = Info.plist; sourceTree = "<group>"; };
		EF365CE0289C4ADC00A4AFAF /* Shades2UITests.xctest */ = {isa = PBXFileReference; explicitFileType = wrapper.cfbundle; includeInIndex = 0; path = Shades2UITests.xctest; sourceTree = BUILT_PRODUCTS_DIR; };
		EF365CE4289C4ADC00A4AFAF /* Shades2UITests.swift */ = {isa = PBXFileReference; lastKnownFileType = sourcecode.swift; path = Shades2UITests.swift; sourceTree = "<group>"; };
		EF365CE6289C4ADC00A4AFAF /* Info.plist */ = {isa = PBXFileReference; lastKnownFileType = text.plist.xml; path = Info.plist; sourceTree = "<group>"; };
/* End PBXFileReference section */

/* Begin PBXFrameworksBuildPhase section */
		EF365CB9289C4AD300A4AFAF /* Frameworks */ = {
			isa = PBXFrameworksBuildPhase;
			buildActionMask = 2147483647;
			files = (
			);
			runOnlyForDeploymentPostprocessing = 0;
		};
		EF365CD2289C4ADB00A4AFAF /* Frameworks */ = {
			isa = PBXFrameworksBuildPhase;
			buildActionMask = 2147483647;
			files = (
			);
			runOnlyForDeploymentPostprocessing = 0;
		};
		EF365CDD289C4ADB00A4AFAF /* Frameworks */ = {
			isa = PBXFrameworksBuildPhase;
			buildActionMask = 2147483647;
			files = (
			);
			runOnlyForDeploymentPostprocessing = 0;
		};
/* End PBXFrameworksBuildPhase section */

/* Begin PBXGroup section */
		EF365CB3289C4AD200A4AFAF = {
			isa = PBXGroup;
			children = (
				EF365CBE289C4AD300A4AFAF /* Shades2 */,
				EF365CD8289C4ADB00A4AFAF /* Shades2Tests */,
				EF365CE3289C4ADC00A4AFAF /* Shades2UITests */,
				EF365CBD289C4AD300A4AFAF /* Products */,
			);
			sourceTree = "<group>";
		};
		EF365CBD289C4AD300A4AFAF /* Products */ = {
			isa = PBXGroup;
			children = (
				EF365CBC289C4AD300A4AFAF /* Shades2.app */,
				EF365CD5289C4ADB00A4AFAF /* Shades2Tests.xctest */,
				EF365CE0289C4ADC00A4AFAF /* Shades2UITests.xctest */,
			);
			name = Products;
			sourceTree = "<group>";
		};
		EF365CBE289C4AD300A4AFAF /* Shades2 */ = {
			isa = PBXGroup;
			children = (
				EF365CBF289C4AD300A4AFAF /* AppDelegate.swift */,
				EF365CC1289C4AD300A4AFAF /* SceneDelegate.swift */,
				EF365CC3289C4AD300A4AFAF /* ViewController.swift */,
				EF365CC5289C4AD400A4AFAF /* Main.storyboard */,
				EF365CCB289C4ADA00A4AFAF /* Assets.xcassets */,
				EF365CCD289C4ADA00A4AFAF /* LaunchScreen.storyboard */,
				EF365CD0289C4ADA00A4AFAF /* Info.plist */,
				EF365CC8289C4AD400A4AFAF /* Shades2.xcdatamodeld */,
			);
			path = Shades2;
			sourceTree = "<group>";
		};
		EF365CD8289C4ADB00A4AFAF /* Shades2Tests */ = {
			isa = PBXGroup;
			children = (
				EF365CD9289C4ADB00A4AFAF /* Shades2Tests.swift */,
				EF365CDB289C4ADB00A4AFAF /* Info.plist */,
			);
			path = Shades2Tests;
			sourceTree = "<group>";
		};
		EF365CE3289C4ADC00A4AFAF /* Shades2UITests */ = {
			isa = PBXGroup;
			children = (
				EF365CE4289C4ADC00A4AFAF /* Shades2UITests.swift */,
				EF365CE6289C4ADC00A4AFAF /* Info.plist */,
			);
			path = Shades2UITests;
			sourceTree = "<group>";
		};
/* End PBXGroup section */

/* Begin PBXNativeTarget section */
		EF365CBB289C4AD300A4AFAF /* Shades2 */ = {
			isa = PBXNativeTarget;
			buildConfigurationList = EF365CE9289C4ADC00A4AFAF /* Build configuration list for PBXNativeTarget "Shades2" */;
			buildPhases = (
				EF365CB8289C4AD300A4AFAF /* Sources */,
				EF365CB9289C4AD300A4AFAF /* Frameworks */,
				EF365CBA289C4AD300A4AFAF /* Resources */,
			);
			buildRules = (
			);
			dependencies = (
			);
			name = Shades2;
			productName = Shades2;
			productReference = EF365CBC289C4AD300A4AFAF /* Shades2.app */;
			productType = "com.apple.product-type.application";
		};
		EF365CD4289C4ADB00A4AFAF /* Shades2Tests */ = {
			isa = PBXNativeTarget;
			buildConfigurationList = EF365CEC289C4ADC00A4AFAF /* Build configuration list for PBXNativeTarget "Shades2Tests" */;
			buildPhases = (
				EF365CD1289C4ADB00A4AFAF /* Sources */,
				EF365CD2289C4ADB00A4AFAF /* Frameworks */,
				EF365CD3289C4ADB00A4AFAF /* Resources */,
			);
			buildRules = (
			);
			dependencies = (
				EF365CD7289C4ADB00A4AFAF /* PBXTargetDependency */,
			);
			name = Shades2Tests;
			productName = Shades2Tests;
			productReference = EF365CD5289C4ADB00A4AFAF /* Shades2Tests.xctest */;
			productType = "com.apple.product-type.bundle.unit-test";
		};
		EF365CDF289C4ADB00A4AFAF /* Shades2UITests */ = {
			isa = PBXNativeTarget;
			buildConfigurationList = EF365CEF289C4ADC00A4AFAF /* Build configuration list for PBXNativeTarget "Shades2UITests" */;
			buildPhases = (
				EF365CDC289C4ADB00A4AFAF /* Sources */,
				EF365CDD289C4ADB00A4AFAF /* Frameworks */,
				EF365CDE289C4ADB00A4AFAF /* Resources */,
			);
			buildRules = (
			);
			dependencies = (
				EF365CE2289C4ADC00A4AFAF /* PBXTargetDependency */,
			);
			name = Shades2UITests;
			productName = Shades2UITests;
			productReference = EF365CE0289C4ADC00A4AFAF /* Shades2UITests.xctest */;
			productType = "com.apple.product-type.bundle.ui-testing";
		};
/* End PBXNativeTarget section */

/* Begin PBXProject section */
		EF365CB4289C4AD200A4AFAF /* Project object */ = {
			isa = PBXProject;
			attributes = {
				LastSwiftUpdateCheck = 1240;
				LastUpgradeCheck = 1240;
				TargetAttributes = {
					EF365CBB289C4AD300A4AFAF = {
						CreatedOnToolsVersion = 12.4;
					};
					EF365CD4289C4ADB00A4AFAF = {
						CreatedOnToolsVersion = 12.4;
						TestTargetID = EF365CBB289C4AD300A4AFAF;
					};
					EF365CDF289C4ADB00A4AFAF = {
						CreatedOnToolsVersion = 12.4;
						TestTargetID = EF365CBB289C4AD300A4AFAF;
					};
				};
			};
			buildConfigurationList = EF365CB7289C4AD200A4AFAF /* Build configuration list for PBXProject "Shades2" */;
			compatibilityVersion = "Xcode 9.3";
			developmentRegion = en;
			hasScannedForEncodings = 0;
			knownRegions = (
				en,
				Base,
			);
			mainGroup = EF365CB3289C4AD200A4AFAF;
			productRefGroup = EF365CBD289C4AD300A4AFAF /* Products */;
			projectDirPath = "";
			projectRoot = "";
			targets = (
				EF365CBB289C4AD300A4AFAF /* Shades2 */,
				EF365CD4289C4ADB00A4AFAF /* Shades2Tests */,
				EF365CDF289C4ADB00A4AFAF /* Shades2UITests */,
			);
		};
/* End PBXProject section */

/* Begin PBXResourcesBuildPhase section */
		EF365CBA289C4AD300A4AFAF /* Resources */ = {
			isa = PBXResourcesBuildPhase;
			buildActionMask = 2147483647;
			files = (
				EF365CCF289C4ADA00A4AFAF /* LaunchScreen.storyboard in Resources */,
				EF365CCC289C4ADA00A4AFAF /* Assets.xcassets in Resources */,
				EF365CC7289C4AD400A4AFAF /* Main.storyboard in Resources */,
			);
			runOnlyForDeploymentPostprocessing = 0;
		};
		EF365CD3289C4ADB00A4AFAF /* Resources */ = {
			isa = PBXResourcesBuildPhase;
			buildActionMask = 2147483647;
			files = (
			);
			runOnlyForDeploymentPostprocessing = 0;
		};
		EF365CDE289C4ADB00A4AFAF /* Resources */ = {
			isa = PBXResourcesBuildPhase;
			buildActionMask = 2147483647;
			files = (
			);
			runOnlyForDeploymentPostprocessing = 0;
		};
/* End PBXResourcesBuildPhase section */

/* Begin PBXSourcesBuildPhase section */
		EF365CB8289C4AD300A4AFAF /* Sources */ = {
			isa = PBXSourcesBuildPhase;
			buildActionMask = 2147483647;
			files = (
				EF365CC4289C4AD300A4AFAF /* ViewController.swift in Sources */,
				EF365CC0289C4AD300A4AFAF /* AppDelegate.swift in Sources */,
				EF365CCA289C4AD400A4AFAF /* Shades2.xcdatamodeld in Sources */,
				EF365CC2289C4AD300A4AFAF /* SceneDelegate.swift in Sources */,
			);
			runOnlyForDeploymentPostprocessing = 0;
		};
		EF365CD1289C4ADB00A4AFAF /* Sources */ = {
			isa = PBXSourcesBuildPhase;
			buildActionMask = 2147483647;
			files = (
				EF365CDA289C4ADB00A4AFAF /* Shades2Tests.swift in Sources */,
			);
			runOnlyForDeploymentPostprocessing = 0;
		};
		EF365CDC289C4ADB00A4AFAF /* Sources */ = {
			isa = PBXSourcesBuildPhase;
			buildActionMask = 2147483647;
			files = (
				EF365CE5289C4ADC00A4AFAF /* Shades2UITests.swift in Sources */,
			);
			runOnlyForDeploymentPostprocessing = 0;
		};
/* End PBXSourcesBuildPhase section */

/* Begin PBXTargetDependency section */
		EF365CD7289C4ADB00A4AFAF /* PBXTargetDependency */ = {
			isa = PBXTargetDependency;
			target = EF365CBB289C4AD300A4AFAF /* Shades2 */;
			targetProxy = EF365CD6289C4ADB00A4AFAF /* PBXContainerItemProxy */;
		};
		EF365CE2289C4ADC00A4AFAF /* PBXTargetDependency */ = {
			isa = PBXTargetDependency;
			target = EF365CBB289C4AD300A4AFAF /* Shades2 */;
			targetProxy = EF365CE1289C4ADC00A4AFAF /* PBXContainerItemProxy */;
		};
/* End PBXTargetDependency section */

/* Begin PBXVariantGroup section */
		EF365CC5289C4AD400A4AFAF /* Main.storyboard */ = {
			isa = PBXVariantGroup;
			children = (
				EF365CC6289C4AD400A4AFAF /* Base */,
			);
			name = Main.storyboard;
			sourceTree = "<group>";
		};
		EF365CCD289C4ADA00A4AFAF /* LaunchScreen.storyboard */ = {
			isa = PBXVariantGroup;
			children = (
				EF365CCE289C4ADA00A4AFAF /* Base */,
			);
			name = LaunchScreen.storyboard;
			sourceTree = "<group>";
		};
/* End PBXVariantGroup section */

/* Begin XCBuildConfiguration section */
		EF365CE7289C4ADC00A4AFAF /* Debug */ = {
			isa = XCBuildConfiguration;
			buildSettings = {
				ALWAYS_SEARCH_USER_PATHS = NO;
				CLANG_ANALYZER_NONNULL = YES;
				CLANG_ANALYZER_NUMBER_OBJECT_CONVERSION = YES_AGGRESSIVE;
				CLANG_CXX_LANGUAGE_STANDARD = "gnu++14";
				CLANG_CXX_LIBRARY = "libc++";
				CLANG_ENABLE_MODULES = YES;
				CLANG_ENABLE_OBJC_ARC = YES;
				CLANG_ENABLE_OBJC_WEAK = YES;
				CLANG_WARN_BLOCK_CAPTURE_AUTORELEASING = YES;
				CLANG_WARN_BOOL_CONVERSION = YES;
				CLANG_WARN_COMMA = YES;
				CLANG_WARN_CONSTANT_CONVERSION = YES;
				CLANG_WARN_DEPRECATED_OBJC_IMPLEMENTATIONS = YES;
				CLANG_WARN_DIRECT_OBJC_ISA_USAGE = YES_ERROR;
				CLANG_WARN_DOCUMENTATION_COMMENTS = YES;
				CLANG_WARN_EMPTY_BODY = YES;
				CLANG_WARN_ENUM_CONVERSION = YES;
				CLANG_WARN_INFINITE_RECURSION = YES;
				CLANG_WARN_INT_CONVERSION = YES;
				CLANG_WARN_NON_LITERAL_NULL_CONVERSION = YES;
				CLANG_WARN_OBJC_IMPLICIT_RETAIN_SELF = YES;
				CLANG_WARN_OBJC_LITERAL_CONVERSION = YES;
				CLANG_WARN_OBJC_ROOT_CLASS = YES_ERROR;
				CLANG_WARN_QUOTED_INCLUDE_IN_FRAMEWORK_HEADER = YES;
				CLANG_WARN_RANGE_LOOP_ANALYSIS = YES;
				CLANG_WARN_STRICT_PROTOTYPES = YES;
				CLANG_WARN_SUSPICIOUS_MOVE = YES;
				CLANG_WARN_UNGUARDED_AVAILABILITY = YES_AGGRESSIVE;
				CLANG_WARN_UNREACHABLE_CODE = YES;
				CLANG_WARN__DUPLICATE_METHOD_MATCH = YES;
				COPY_PHASE_STRIP = NO;
				DEBUG_INFORMATION_FORMAT = dwarf;
				ENABLE_STRICT_OBJC_MSGSEND = YES;
				ENABLE_TESTABILITY = YES;
				GCC_C_LANGUAGE_STANDARD = gnu11;
				GCC_DYNAMIC_NO_PIC = NO;
				GCC_NO_COMMON_BLOCKS = YES;
				GCC_OPTIMIZATION_LEVEL = 0;
				GCC_PREPROCESSOR_DEFINITIONS = (
					"DEBUG=1",
					"$(inherited)",
				);
				GCC_WARN_64_TO_32_BIT_CONVERSION = YES;
				GCC_WARN_ABOUT_RETURN_TYPE = YES_ERROR;
				GCC_WARN_UNDECLARED_SELECTOR = YES;
				GCC_WARN_UNINITIALIZED_AUTOS = YES_AGGRESSIVE;
				GCC_WARN_UNUSED_FUNCTION = YES;
				GCC_WARN_UNUSED_VARIABLE = YES;
				IPHONEOS_DEPLOYMENT_TARGET = 14.4;
				MTL_ENABLE_DEBUG_INFO = INCLUDE_SOURCE;
				MTL_FAST_MATH = YES;
				ONLY_ACTIVE_ARCH = YES;
				SDKROOT = iphoneos;
				SWIFT_ACTIVE_COMPILATION_CONDITIONS = DEBUG;
				SWIFT_OPTIMIZATION_LEVEL = "-Onone";
			};
			name = Debug;
		};
		EF365CE8289C4ADC00A4AFAF /* Release */ = {
			isa = XCBuildConfiguration;
			buildSettings = {
				ALWAYS_SEARCH_USER_PATHS = NO;
				CLANG_ANALYZER_NONNULL = YES;
				CLANG_ANALYZER_NUMBER_OBJECT_CONVERSION = YES_AGGRESSIVE;
				CLANG_CXX_LANGUAGE_STANDARD = "gnu++14";
				CLANG_CXX_LIBRARY = "libc++";
				CLANG_ENABLE_MODULES = YES;
				CLANG_ENABLE_OBJC_ARC = YES;
				CLANG_ENABLE_OBJC_WEAK = YES;
				CLANG_WARN_BLOCK_CAPTURE_AUTORELEASING = YES;
				CLANG_WARN_BOOL_CONVERSION = YES;
				CLANG_WARN_COMMA = YES;
				CLANG_WARN_CONSTANT_CONVERSION = YES;
				CLANG_WARN_DEPRECATED_OBJC_IMPLEMENTATIONS = YES;
				CLANG_WARN_DIRECT_OBJC_ISA_USAGE = YES_ERROR;
				CLANG_WARN_DOCUMENTATION_COMMENTS = YES;
				CLANG_WARN_EMPTY_BODY = YES;
				CLANG_WARN_ENUM_CONVERSION = YES;
				CLANG_WARN_INFINITE_RECURSION = YES;
				CLANG_WARN_INT_CONVERSION = YES;
				CLANG_WARN_NON_LITERAL_NULL_CONVERSION = YES;
				CLANG_WARN_OBJC_IMPLICIT_RETAIN_SELF = YES;
				CLANG_WARN_OBJC_LITERAL_CONVERSION = YES;
				CLANG_WARN_OBJC_ROOT_CLASS = YES_ERROR;
				CLANG_WARN_QUOTED_INCLUDE_IN_FRAMEWORK_HEADER = YES;
				CLANG_WARN_RANGE_LOOP_ANALYSIS = YES;
				CLANG_WARN_STRICT_PROTOTYPES = YES;
				CLANG_WARN_SUSPICIOUS_MOVE = YES;
				CLANG_WARN_UNGUARDED_AVAILABILITY = YES_AGGRESSIVE;
				CLANG_WARN_UNREACHABLE_CODE = YES;
				CLANG_WARN__DUPLICATE_METHOD_MATCH = YES;
				COPY_PHASE_STRIP = NO;
				DEBUG_INFORMATION_FORMAT = "dwarf-with-dsym";
				ENABLE_NS_ASSERTIONS = NO;
				ENABLE_STRICT_OBJC_MSGSEND = YES;
				GCC_C_LANGUAGE_STANDARD = gnu11;
				GCC_NO_COMMON_BLOCKS = YES;
				GCC_WARN_64_TO_32_BIT_CONVERSION = YES;
				GCC_WARN_ABOUT_RETURN_TYPE = YES_ERROR;
				GCC_WARN_UNDECLARED_SELECTOR = YES;
				GCC_WARN_UNINITIALIZED_AUTOS = YES_AGGRESSIVE;
				GCC_WARN_UNUSED_FUNCTION = YES;
				GCC_WARN_UNUSED_VARIABLE = YES;
				IPHONEOS_DEPLOYMENT_TARGET = 14.4;
				MTL_ENABLE_DEBUG_INFO = NO;
				MTL_FAST_MATH = YES;
				SDKROOT = iphoneos;
				SWIFT_COMPILATION_MODE = wholemodule;
				SWIFT_OPTIMIZATION_LEVEL = "-O";
				VALIDATE_PRODUCT = YES;
			};
			name = Release;
		};
		EF365CEA289C4ADC00A4AFAF /* Debug */ = {
			isa = XCBuildConfiguration;
			buildSettings = {
				ASSETCATALOG_COMPILER_APPICON_NAME = AppIcon;
				ASSETCATALOG_COMPILER_GLOBAL_ACCENT_COLOR_NAME = AccentColor;
				CODE_SIGN_STYLE = Automatic;
				INFOPLIST_FILE = Shades2/Info.plist;
				LD_RUNPATH_SEARCH_PATHS = (
					"$(inherited)",
					"@executable_path/Frameworks",
				);
				PRODUCT_BUNDLE_IDENTIFIER = kwk.Shades2;
				PRODUCT_NAME = "$(TARGET_NAME)";
				SWIFT_VERSION = 5.0;
				TARGETED_DEVICE_FAMILY = "1,2";
			};
			name = Debug;
		};
		EF365CEB289C4ADC00A4AFAF /* Release */ = {
			isa = XCBuildConfiguration;
			buildSettings = {
				ASSETCATALOG_COMPILER_APPICON_NAME = AppIcon;
				ASSETCATALOG_COMPILER_GLOBAL_ACCENT_COLOR_NAME = AccentColor;
				CODE_SIGN_STYLE = Automatic;
				INFOPLIST_FILE = Shades2/Info.plist;
				LD_RUNPATH_SEARCH_PATHS = (
					"$(inherited)",
					"@executable_path/Frameworks",
				);
				PRODUCT_BUNDLE_IDENTIFIER = kwk.Shades2;
				PRODUCT_NAME = "$(TARGET_NAME)";
				SWIFT_VERSION = 5.0;
				TARGETED_DEVICE_FAMILY = "1,2";
			};
			name = Release;
		};
		EF365CED289C4ADC00A4AFAF /* Debug */ = {
			isa = XCBuildConfiguration;
			buildSettings = {
				ALWAYS_EMBED_SWIFT_STANDARD_LIBRARIES = YES;
				BUNDLE_LOADER = "$(TEST_HOST)";
				CODE_SIGN_STYLE = Automatic;
				INFOPLIST_FILE = Shades2Tests/Info.plist;
				IPHONEOS_DEPLOYMENT_TARGET = 14.4;
				LD_RUNPATH_SEARCH_PATHS = (
					"$(inherited)",
					"@executable_path/Frameworks",
					"@loader_path/Frameworks",
				);
				PRODUCT_BUNDLE_IDENTIFIER = kwk.Shades2Tests;
				PRODUCT_NAME = "$(TARGET_NAME)";
				SWIFT_VERSION = 5.0;
				TARGETED_DEVICE_FAMILY = "1,2";
				TEST_HOST = "$(BUILT_PRODUCTS_DIR)/Shades2.app/Shades2";
			};
			name = Debug;
		};
		EF365CEE289C4ADC00A4AFAF /* Release */ = {
			isa = XCBuildConfiguration;
			buildSettings = {
				ALWAYS_EMBED_SWIFT_STANDARD_LIBRARIES = YES;
				BUNDLE_LOADER = "$(TEST_HOST)";
				CODE_SIGN_STYLE = Automatic;
				INFOPLIST_FILE = Shades2Tests/Info.plist;
				IPHONEOS_DEPLOYMENT_TARGET = 14.4;
				LD_RUNPATH_SEARCH_PATHS = (
					"$(inherited)",
					"@executable_path/Frameworks",
					"@loader_path/Frameworks",
				);
				PRODUCT_BUNDLE_IDENTIFIER = kwk.Shades2Tests;
				PRODUCT_NAME = "$(TARGET_NAME)";
				SWIFT_VERSION = 5.0;
				TARGETED_DEVICE_FAMILY = "1,2";
				TEST_HOST = "$(BUILT_PRODUCTS_DIR)/Shades2.app/Shades2";
			};
			name = Release;
		};
		EF365CF0289C4ADC00A4AFAF /* Debug */ = {
			isa = XCBuildConfiguration;
			buildSettings = {
				ALWAYS_EMBED_SWIFT_STANDARD_LIBRARIES = YES;
				CODE_SIGN_STYLE = Automatic;
				INFOPLIST_FILE = Shades2UITests/Info.plist;
				LD_RUNPATH_SEARCH_PATHS = (
					"$(inherited)",
					"@executable_path/Frameworks",
					"@loader_path/Frameworks",
				);
				PRODUCT_BUNDLE_IDENTIFIER = kwk.Shades2UITests;
				PRODUCT_NAME = "$(TARGET_NAME)";
				SWIFT_VERSION = 5.0;
				TARGETED_DEVICE_FAMILY = "1,2";
				TEST_TARGET_NAME = Shades2;
			};
			name = Debug;
		};
		EF365CF1289C4ADC00A4AFAF /* Release */ = {
			isa = XCBuildConfiguration;
			buildSettings = {
				ALWAYS_EMBED_SWIFT_STANDARD_LIBRARIES = YES;
				CODE_SIGN_STYLE = Automatic;
				INFOPLIST_FILE = Shades2UITests/Info.plist;
				LD_RUNPATH_SEARCH_PATHS = (
					"$(inherited)",
					"@executable_path/Frameworks",
					"@loader_path/Frameworks",
				);
				PRODUCT_BUNDLE_IDENTIFIER = kwk.Shades2UITests;
				PRODUCT_NAME = "$(TARGET_NAME)";
				SWIFT_VERSION = 5.0;
				TARGETED_DEVICE_FAMILY = "1,2";
				TEST_TARGET_NAME = Shades2;
			};
			name = Release;
		};
/* End XCBuildConfiguration section */

/* Begin XCConfigurationList section */
		EF365CB7289C4AD200A4AFAF /* Build configuration list for PBXProject "Shades2" */ = {
			isa = XCConfigurationList;
			buildConfigurations = (
				EF365CE7289C4ADC00A4AFAF /* Debug */,
				EF365CE8289C4ADC00A4AFAF /* Release */,
			);
			defaultConfigurationIsVisible = 0;
			defaultConfigurationName = Release;
		};
		EF365CE9289C4ADC00A4AFAF /* Build configuration list for PBXNativeTarget "Shades2" */ = {
			isa = XCConfigurationList;
			buildConfigurations = (
				EF365CEA289C4ADC00A4AFAF /* Debug */,
				EF365CEB289C4ADC00A4AFAF /* Release */,
			);
			defaultConfigurationIsVisible = 0;
			defaultConfigurationName = Release;
		};
		EF365CEC289C4ADC00A4AFAF /* Build configuration list for PBXNativeTarget "Shades2Tests" */ = {
			isa = XCConfigurationList;
			buildConfigurations = (
				EF365CED289C4ADC00A4AFAF /* Debug */,
				EF365CEE289C4ADC00A4AFAF /* Release */,
			);
			defaultConfigurationIsVisible = 0;
			defaultConfigurationName = Release;
		};
		EF365CEF289C4ADC00A4AFAF /* Build configuration list for PBXNativeTarget "Shades2UITests" */ = {
			isa = XCConfigurationList;
			buildConfigurations = (
				EF365CF0289C4ADC00A4AFAF /* Debug */,
				EF365CF1289C4ADC00A4AFAF /* Release */,
			);
			defaultConfigurationIsVisible = 0;
			defaultConfigurationName = Release;
		};
/* End XCConfigurationList section */

/* Begin XCVersionGroup section */
		EF365CC8289C4AD400A4AFAF /* Shades2.xcdatamodeld */ = {
			isa = XCVersionGroup;
			children = (
				EF365CC9289C4AD400A4AFAF /* Shades2.xcdatamodel */,
			);
			currentVersion = EF365CC9289C4AD400A4AFAF /* Shades2.xcdatamodel */;
			path = Shades2.xcdatamodeld;
			sourceTree = "<group>";
			versionGroupType = wrapper.xcdatamodel;
		};
/* End XCVersionGroup section */
	};
	rootObject = EF365CB4289C4AD200A4AFAF /* Project object */;
}
